
Microsoft Visual Studio Solution File, Format Version 12.00
# Visual Studio Version 17
VisualStudioVersion = 17.11.35312.102
MinimumVisualStudioVersion = 10.0.40219.1
Project("{FAE04EC0-301F-11D3-BF4B-00C04F79EFBC}") = "TASK6", "TASK6\TASK6.csproj", "{5551A2D4-AC70-4F87-A4BA-F9101DA3CAFA}"
EndProject
Global
	GlobalSection(SolutionConfigurationPlatforms) = preSolution
		Debug|Any CPU = Debug|Any CPU
		Release|Any CPU = Release|Any CPU
	EndGlobalSection
	GlobalSection(ProjectConfigurationPlatforms) = postSolution
		{5551A2D4-AC70-4F87-A4BA-F9101DA3CAFA}.Debug|Any CPU.ActiveCfg = Debug|Any CPU
		{5551A2D4-AC70-4F87-A4BA-F9101DA3CAFA}.Debug|Any CPU.Build.0 = Debug|Any CPU
		{5551A2D4-AC70-4F87-A4BA-F9101DA3CAFA}.Release|Any CPU.ActiveCfg = Release|Any CPU
		{5551A2D4-AC70-4F87-A4BA-F9101DA3CAFA}.Release|Any CPU.Build.0 = Release|Any CPU
	EndGlobalSection
	GlobalSection(SolutionProperties) = preSolution
		HideSolutionNode = FALSE
	EndGlobalSection
	GlobalSection(ExtensibilityGlobals) = postSolution
		SolutionGuid = {6A88388A-62D7-4E6A-B8C3-14D693281186}
	EndGlobalSection
EndGlobal
